
Microsoft Visual Studio Solution File, Format Version 12.00
# Visual Studio 15
VisualStudioVersion = 15.0.26124.0
MinimumVisualStudioVersion = 15.0.26124.0
Project("{2150E333-8FDC-42A3-9474-1A3956D46DE8}") = "Solution Items", "Solution Items", "{738576E8-C251-4B22-A3A1-3CB9E3D3ACA1}"
	ProjectSection(SolutionItems) = preProject
		.editorconfig = .editorconfig
		.gitattributes = .gitattributes
		.gitignore = .gitignore
		.gitmodules = .gitmodules
		AllRules.ruleset = AllRules.ruleset
		Directory.Build.props = Directory.Build.props
		LICENSE = LICENSE
	EndProjectSection
EndProject
Project("{2150E333-8FDC-42A3-9474-1A3956D46DE8}") = "dotnet-common", "dotnet-common", "{CBBB91A9-A9EB-4694-8E1C-F4D1E0F0F94B}"
EndProject
Project("{2150E333-8FDC-42A3-9474-1A3956D46DE8}") = "src", "src", "{3074DAB8-F585-4DBA-BF6F-2F2689B46D23}"
EndProject
Project("{9A19103F-16F7-4668-BE54-9A1E7A4F7556}") = "THNETII.Common", "dotnet-common\src\THNETII.Common\THNETII.Common.csproj", "{FB432AB6-6427-43E1-9D21-6846CA84FE69}"
EndProject
Project("{2150E333-8FDC-42A3-9474-1A3956D46DE8}") = "src", "src", "{14DF9197-C154-40D1-8001-632BCF08E96E}"
EndProject
Project("{9A19103F-16F7-4668-BE54-9A1E7A4F7556}") = "TelenorConnexion.ManagedIoTCloud.Manifest", "src\TelenorConnexion.ManagedIoTCloud.Manifest\TelenorConnexion.ManagedIoTCloud.Manifest.csproj", "{B2B09538-3185-46E6-958F-287862F37450}"
EndProject
Project("{9A19103F-16F7-4668-BE54-9A1E7A4F7556}") = "THNETII.Networking.Http", "dotnet-common\src\THNETII.Networking.Http\THNETII.Networking.Http.csproj", "{5E036EE8-8CF1-42DA-AB7E-E3E507C6E9F1}"
EndProject
Project("{9A19103F-16F7-4668-BE54-9A1E7A4F7556}") = "THNETII.Common.Serialization", "dotnet-common\src\THNETII.Common.Serialization\THNETII.Common.Serialization.csproj", "{6E651B28-06B9-4A69-8176-D76B648E9FD8}"
EndProject
Project("{9A19103F-16F7-4668-BE54-9A1E7A4F7556}") = "TelenorConnexion.ManagedIoTCloud.Test", "test\TelenorConnexion.ManagedIoTCloud.Test\TelenorConnexion.ManagedIoTCloud.Test.csproj", "{214D4FE0-09EA-44D1-ADB7-C9F214AD706D}"
EndProject
Project("{2150E333-8FDC-42A3-9474-1A3956D46DE8}") = "test", "test", "{D5B1372B-83AF-4060-9A56-2C606C293F3C}"
EndProject
Project("{9A19103F-16F7-4668-BE54-9A1E7A4F7556}") = "TelenorConnexion.ManagedIoTCloud.CloudApi", "src\TelenorConnexion.ManagedIoTCloud.CloudApi\TelenorConnexion.ManagedIoTCloud.CloudApi.csproj", "{EEB9A562-CCA3-40B8-BA90-FA16B593F3A1}"
EndProject
Project("{2150E333-8FDC-42A3-9474-1A3956D46DE8}") = "sample", "sample", "{74FC2AC8-DFA0-4A40-BBA7-BB6851AA11E7}"
EndProject
Project("{FAE04EC0-301F-11D3-BF4B-00C04F79EFBC}") = "TelenorConnexion.ManagedIoTCloud.Sample.Cmd", "sample\TelenorConnexion.ManagedIoTCloud.Sample.Cmd\TelenorConnexion.ManagedIoTCloud.Sample.Cmd.csproj", "{1EB61048-41AB-4D9E-82E5-737055E1374B}"
EndProject
Global
	GlobalSection(SolutionConfigurationPlatforms) = preSolution
		Debug|Any CPU = Debug|Any CPU
		Debug|x64 = Debug|x64
		Debug|x86 = Debug|x86
		Release|Any CPU = Release|Any CPU
		Release|x64 = Release|x64
		Release|x86 = Release|x86
	EndGlobalSection
	GlobalSection(ProjectConfigurationPlatforms) = postSolution
		{FB432AB6-6427-43E1-9D21-6846CA84FE69}.Debug|Any CPU.ActiveCfg = Debug|Any CPU
		{FB432AB6-6427-43E1-9D21-6846CA84FE69}.Debug|Any CPU.Build.0 = Debug|Any CPU
		{FB432AB6-6427-43E1-9D21-6846CA84FE69}.Debug|x64.ActiveCfg = Debug|Any CPU
		{FB432AB6-6427-43E1-9D21-6846CA84FE69}.Debug|x64.Build.0 = Debug|Any CPU
		{FB432AB6-6427-43E1-9D21-6846CA84FE69}.Debug|x86.ActiveCfg = Debug|Any CPU
		{FB432AB6-6427-43E1-9D21-6846CA84FE69}.Debug|x86.Build.0 = Debug|Any CPU
		{FB432AB6-6427-43E1-9D21-6846CA84FE69}.Release|Any CPU.ActiveCfg = Release|Any CPU
		{FB432AB6-6427-43E1-9D21-6846CA84FE69}.Release|Any CPU.Build.0 = Release|Any CPU
		{FB432AB6-6427-43E1-9D21-6846CA84FE69}.Release|x64.ActiveCfg = Release|Any CPU
		{FB432AB6-6427-43E1-9D21-6846CA84FE69}.Release|x64.Build.0 = Release|Any CPU
		{FB432AB6-6427-43E1-9D21-6846CA84FE69}.Release|x86.ActiveCfg = Release|Any CPU
		{FB432AB6-6427-43E1-9D21-6846CA84FE69}.Release|x86.Build.0 = Release|Any CPU
		{B2B09538-3185-46E6-958F-287862F37450}.Debug|Any CPU.ActiveCfg = Debug|Any CPU
		{B2B09538-3185-46E6-958F-287862F37450}.Debug|Any CPU.Build.0 = Debug|Any CPU
		{B2B09538-3185-46E6-958F-287862F37450}.Debug|x64.ActiveCfg = Debug|Any CPU
		{B2B09538-3185-46E6-958F-287862F37450}.Debug|x64.Build.0 = Debug|Any CPU
		{B2B09538-3185-46E6-958F-287862F37450}.Debug|x86.ActiveCfg = Debug|Any CPU
		{B2B09538-3185-46E6-958F-287862F37450}.Debug|x86.Build.0 = Debug|Any CPU
		{B2B09538-3185-46E6-958F-287862F37450}.Release|Any CPU.ActiveCfg = Release|Any CPU
		{B2B09538-3185-46E6-958F-287862F37450}.Release|Any CPU.Build.0 = Release|Any CPU
		{B2B09538-3185-46E6-958F-287862F37450}.Release|x64.ActiveCfg = Release|Any CPU
		{B2B09538-3185-46E6-958F-287862F37450}.Release|x64.Build.0 = Release|Any CPU
		{B2B09538-3185-46E6-958F-287862F37450}.Release|x86.ActiveCfg = Release|Any CPU
		{B2B09538-3185-46E6-958F-287862F37450}.Release|x86.Build.0 = Release|Any CPU
		{5E036EE8-8CF1-42DA-AB7E-E3E507C6E9F1}.Debug|Any CPU.ActiveCfg = Debug|Any CPU
		{5E036EE8-8CF1-42DA-AB7E-E3E507C6E9F1}.Debug|Any CPU.Build.0 = Debug|Any CPU
		{5E036EE8-8CF1-42DA-AB7E-E3E507C6E9F1}.Debug|x64.ActiveCfg = Debug|Any CPU
		{5E036EE8-8CF1-42DA-AB7E-E3E507C6E9F1}.Debug|x64.Build.0 = Debug|Any CPU
		{5E036EE8-8CF1-42DA-AB7E-E3E507C6E9F1}.Debug|x86.ActiveCfg = Debug|Any CPU
		{5E036EE8-8CF1-42DA-AB7E-E3E507C6E9F1}.Debug|x86.Build.0 = Debug|Any CPU
		{5E036EE8-8CF1-42DA-AB7E-E3E507C6E9F1}.Release|Any CPU.ActiveCfg = Release|Any CPU
		{5E036EE8-8CF1-42DA-AB7E-E3E507C6E9F1}.Release|Any CPU.Build.0 = Release|Any CPU
		{5E036EE8-8CF1-42DA-AB7E-E3E507C6E9F1}.Release|x64.ActiveCfg = Release|Any CPU
		{5E036EE8-8CF1-42DA-AB7E-E3E507C6E9F1}.Release|x64.Build.0 = Release|Any CPU
		{5E036EE8-8CF1-42DA-AB7E-E3E507C6E9F1}.Release|x86.ActiveCfg = Release|Any CPU
		{5E036EE8-8CF1-42DA-AB7E-E3E507C6E9F1}.Release|x86.Build.0 = Release|Any CPU
		{6E651B28-06B9-4A69-8176-D76B648E9FD8}.Debug|Any CPU.ActiveCfg = Debug|Any CPU
		{6E651B28-06B9-4A69-8176-D76B648E9FD8}.Debug|Any CPU.Build.0 = Debug|Any CPU
		{6E651B28-06B9-4A69-8176-D76B648E9FD8}.Debug|x64.ActiveCfg = Debug|Any CPU
		{6E651B28-06B9-4A69-8176-D76B648E9FD8}.Debug|x64.Build.0 = Debug|Any CPU
		{6E651B28-06B9-4A69-8176-D76B648E9FD8}.Debug|x86.ActiveCfg = Debug|Any CPU
		{6E651B28-06B9-4A69-8176-D76B648E9FD8}.Debug|x86.Build.0 = Debug|Any CPU
		{6E651B28-06B9-4A69-8176-D76B648E9FD8}.Release|Any CPU.ActiveCfg = Release|Any CPU
		{6E651B28-06B9-4A69-8176-D76B648E9FD8}.Release|Any CPU.Build.0 = Release|Any CPU
		{6E651B28-06B9-4A69-8176-D76B648E9FD8}.Release|x64.ActiveCfg = Release|Any CPU
		{6E651B28-06B9-4A69-8176-D76B648E9FD8}.Release|x64.Build.0 = Release|Any CPU
		{6E651B28-06B9-4A69-8176-D76B648E9FD8}.Release|x86.ActiveCfg = Release|Any CPU
		{6E651B28-06B9-4A69-8176-D76B648E9FD8}.Release|x86.Build.0 = Release|Any CPU
		{214D4FE0-09EA-44D1-ADB7-C9F214AD706D}.Debug|Any CPU.ActiveCfg = Debug|Any CPU
		{214D4FE0-09EA-44D1-ADB7-C9F214AD706D}.Debug|Any CPU.Build.0 = Debug|Any CPU
		{214D4FE0-09EA-44D1-ADB7-C9F214AD706D}.Debug|x64.ActiveCfg = Debug|Any CPU
		{214D4FE0-09EA-44D1-ADB7-C9F214AD706D}.Debug|x64.Build.0 = Debug|Any CPU
		{214D4FE0-09EA-44D1-ADB7-C9F214AD706D}.Debug|x86.ActiveCfg = Debug|Any CPU
		{214D4FE0-09EA-44D1-ADB7-C9F214AD706D}.Debug|x86.Build.0 = Debug|Any CPU
		{214D4FE0-09EA-44D1-ADB7-C9F214AD706D}.Release|Any CPU.ActiveCfg = Release|Any CPU
		{214D4FE0-09EA-44D1-ADB7-C9F214AD706D}.Release|Any CPU.Build.0 = Release|Any CPU
		{214D4FE0-09EA-44D1-ADB7-C9F214AD706D}.Release|x64.ActiveCfg = Release|Any CPU
		{214D4FE0-09EA-44D1-ADB7-C9F214AD706D}.Release|x64.Build.0 = Release|Any CPU
		{214D4FE0-09EA-44D1-ADB7-C9F214AD706D}.Release|x86.ActiveCfg = Release|Any CPU
		{214D4FE0-09EA-44D1-ADB7-C9F214AD706D}.Release|x86.Build.0 = Release|Any CPU
		{EEB9A562-CCA3-40B8-BA90-FA16B593F3A1}.Debug|Any CPU.ActiveCfg = Debug|Any CPU
		{EEB9A562-CCA3-40B8-BA90-FA16B593F3A1}.Debug|Any CPU.Build.0 = Debug|Any CPU
		{EEB9A562-CCA3-40B8-BA90-FA16B593F3A1}.Debug|x64.ActiveCfg = Debug|Any CPU
		{EEB9A562-CCA3-40B8-BA90-FA16B593F3A1}.Debug|x64.Build.0 = Debug|Any CPU
		{EEB9A562-CCA3-40B8-BA90-FA16B593F3A1}.Debug|x86.ActiveCfg = Debug|Any CPU
		{EEB9A562-CCA3-40B8-BA90-FA16B593F3A1}.Debug|x86.Build.0 = Debug|Any CPU
		{EEB9A562-CCA3-40B8-BA90-FA16B593F3A1}.Release|Any CPU.ActiveCfg = Release|Any CPU
		{EEB9A562-CCA3-40B8-BA90-FA16B593F3A1}.Release|Any CPU.Build.0 = Release|Any CPU
		{EEB9A562-CCA3-40B8-BA90-FA16B593F3A1}.Release|x64.ActiveCfg = Release|Any CPU
		{EEB9A562-CCA3-40B8-BA90-FA16B593F3A1}.Release|x64.Build.0 = Release|Any CPU
		{EEB9A562-CCA3-40B8-BA90-FA16B593F3A1}.Release|x86.ActiveCfg = Release|Any CPU
		{EEB9A562-CCA3-40B8-BA90-FA16B593F3A1}.Release|x86.Build.0 = Release|Any CPU
		{1EB61048-41AB-4D9E-82E5-737055E1374B}.Debug|Any CPU.ActiveCfg = Debug|Any CPU
		{1EB61048-41AB-4D9E-82E5-737055E1374B}.Debug|Any CPU.Build.0 = Debug|Any CPU
		{1EB61048-41AB-4D9E-82E5-737055E1374B}.Debug|x64.ActiveCfg = Debug|Any CPU
		{1EB61048-41AB-4D9E-82E5-737055E1374B}.Debug|x64.Build.0 = Debug|Any CPU
		{1EB61048-41AB-4D9E-82E5-737055E1374B}.Debug|x86.ActiveCfg = Debug|Any CPU
		{1EB61048-41AB-4D9E-82E5-737055E1374B}.Debug|x86.Build.0 = Debug|Any CPU
		{1EB61048-41AB-4D9E-82E5-737055E1374B}.Release|Any CPU.ActiveCfg = Release|Any CPU
		{1EB61048-41AB-4D9E-82E5-737055E1374B}.Release|Any CPU.Build.0 = Release|Any CPU
		{1EB61048-41AB-4D9E-82E5-737055E1374B}.Release|x64.ActiveCfg = Release|Any CPU
		{1EB61048-41AB-4D9E-82E5-737055E1374B}.Release|x64.Build.0 = Release|Any CPU
		{1EB61048-41AB-4D9E-82E5-737055E1374B}.Release|x86.ActiveCfg = Release|Any CPU
		{1EB61048-41AB-4D9E-82E5-737055E1374B}.Release|x86.Build.0 = Release|Any CPU
	EndGlobalSection
	GlobalSection(SolutionProperties) = preSolution
		HideSolutionNode = FALSE
	EndGlobalSection
	GlobalSection(NestedProjects) = preSolution
		{3074DAB8-F585-4DBA-BF6F-2F2689B46D23} = {CBBB91A9-A9EB-4694-8E1C-F4D1E0F0F94B}
		{FB432AB6-6427-43E1-9D21-6846CA84FE69} = {3074DAB8-F585-4DBA-BF6F-2F2689B46D23}
		{B2B09538-3185-46E6-958F-287862F37450} = {14DF9197-C154-40D1-8001-632BCF08E96E}
		{5E036EE8-8CF1-42DA-AB7E-E3E507C6E9F1} = {3074DAB8-F585-4DBA-BF6F-2F2689B46D23}
		{6E651B28-06B9-4A69-8176-D76B648E9FD8} = {3074DAB8-F585-4DBA-BF6F-2F2689B46D23}
		{214D4FE0-09EA-44D1-ADB7-C9F214AD706D} = {D5B1372B-83AF-4060-9A56-2C606C293F3C}
		{EEB9A562-CCA3-40B8-BA90-FA16B593F3A1} = {14DF9197-C154-40D1-8001-632BCF08E96E}
		{1EB61048-41AB-4D9E-82E5-737055E1374B} = {74FC2AC8-DFA0-4A40-BBA7-BB6851AA11E7}
	EndGlobalSection
	GlobalSection(ExtensibilityGlobals) = postSolution
		SolutionGuid = {9D7EB7D3-BB18-4A25-B5BF-A236A532AE65}
	EndGlobalSection
EndGlobal
