
Microsoft Visual Studio Solution File, Format Version 12.00
# Visual Studio 15
VisualStudioVersion = 15.0.26124.0
MinimumVisualStudioVersion = 15.0.26124.0
Project("{2150E333-8FDC-42A3-9474-1A3956D46DE8}") = "Solution Items", "Solution Items", "{738576E8-C251-4B22-A3A1-3CB9E3D3ACA1}"
	ProjectSection(SolutionItems) = preProject
		.editorconfig = .editorconfig
		.gitattributes = .gitattributes
		.gitignore = .gitignore
		.gitmodules = .gitmodules
		AllRules.ruleset = AllRules.ruleset
		Directory.Build.props = Directory.Build.props
		LICENSE = LICENSE
	EndProjectSection
EndProject
Project("{2150E333-8FDC-42A3-9474-1A3956D46DE8}") = "dotnet-common", "dotnet-common", "{CBBB91A9-A9EB-4694-8E1C-F4D1E0F0F94B}"
EndProject
Project("{2150E333-8FDC-42A3-9474-1A3956D46DE8}") = "src", "src", "{3074DAB8-F585-4DBA-BF6F-2F2689B46D23}"
EndProject
Project("{9A19103F-16F7-4668-BE54-9A1E7A4F7556}") = "THNETII.Common", "dotnet-common\src\THNETII.Common\THNETII.Common.csproj", "{FB432AB6-6427-43E1-9D21-6846CA84FE69}"
EndProject
Project("{2150E333-8FDC-42A3-9474-1A3956D46DE8}") = "src", "src", "{14DF9197-C154-40D1-8001-632BCF08E96E}"
EndProject
Project("{9A19103F-16F7-4668-BE54-9A1E7A4F7556}") = "THNETII.Networking.Http", "dotnet-common\src\THNETII.Networking.Http\THNETII.Networking.Http.csproj", "{5E036EE8-8CF1-42DA-AB7E-E3E507C6E9F1}"
EndProject
Project("{9A19103F-16F7-4668-BE54-9A1E7A4F7556}") = "THNETII.Common.Serialization", "dotnet-common\src\THNETII.Common.Serialization\THNETII.Common.Serialization.csproj", "{6E651B28-06B9-4A69-8176-D76B648E9FD8}"
EndProject
Project("{9A19103F-16F7-4668-BE54-9A1E7A4F7556}") = "TelenorConnexion.ManagedIoTCloud.Test", "test\TelenorConnexion.ManagedIoTCloud.Test\TelenorConnexion.ManagedIoTCloud.Test.csproj", "{214D4FE0-09EA-44D1-ADB7-C9F214AD706D}"
EndProject
Project("{2150E333-8FDC-42A3-9474-1A3956D46DE8}") = "test", "test", "{D5B1372B-83AF-4060-9A56-2C606C293F3C}"
EndProject
Project("{2150E333-8FDC-42A3-9474-1A3956D46DE8}") = "sample", "sample", "{74FC2AC8-DFA0-4A40-BBA7-BB6851AA11E7}"
EndProject
Project("{9A19103F-16F7-4668-BE54-9A1E7A4F7556}") = "TelenorConnexion.ManagedIoTCloud.Sample.Cmd", "sample\TelenorConnexion.ManagedIoTCloud.Sample.Cmd\TelenorConnexion.ManagedIoTCloud.Sample.Cmd.csproj", "{1EB61048-41AB-4D9E-82E5-737055E1374B}"
EndProject
Project("{9A19103F-16F7-4668-BE54-9A1E7A4F7556}") = "TelenorConnexion.ManagedIoTCloud", "src\TelenorConnexion.ManagedIoTCloud\TelenorConnexion.ManagedIoTCloud.csproj", "{217B5BED-8182-407C-AC26-9F7BBB3FAF11}"
EndProject
Project("{2150E333-8FDC-42A3-9474-1A3956D46DE8}") = "aws-sdk-net-ext", "aws-sdk-net-ext", "{59557A01-A95D-4125-9A6B-D65D50E0A2AC}"
EndProject
Project("{2150E333-8FDC-42A3-9474-1A3956D46DE8}") = "src", "src", "{3746CEDF-85CF-42DE-8208-66A2C5904958}"
EndProject
Project("{9A19103F-16F7-4668-BE54-9A1E7A4F7556}") = "THNETII.AWSSDK.IoTDeviceGateway", "aws-sdk-net-ext\src\THNETII.AWSSDK.IoTDeviceGateway\THNETII.AWSSDK.IoTDeviceGateway.csproj", "{EE4AE366-D0CD-4441-B27B-54C1766D79B5}"
EndProject
Project("{9A19103F-16F7-4668-BE54-9A1E7A4F7556}") = "THNETII.AWSSDK.IoTDeviceGateway.Mqtt", "aws-sdk-net-ext\src\THNETII.AWSSDK.IoTDeviceGateway.Mqtt\THNETII.AWSSDK.IoTDeviceGateway.Mqtt.csproj", "{20CF3407-E958-4DBB-A1AA-8DACE2771CC0}"
EndProject
Project("{9A19103F-16F7-4668-BE54-9A1E7A4F7556}") = "TelenorConnexion.ManagedIoTCloud.LambdaClient", "src\TelenorConnexion.ManagedIoTCloud.LambdaClient\TelenorConnexion.ManagedIoTCloud.LambdaClient.csproj", "{C20DD58C-6DA2-450E-8AB4-99EB4BA91195}"
EndProject
Project("{9A19103F-16F7-4668-BE54-9A1E7A4F7556}") = "TelenorConnexion.ManagedIoTCloud.RestClient", "src\TelenorConnexion.ManagedIoTCloud.RestClient\TelenorConnexion.ManagedIoTCloud.RestClient.csproj", "{F23F349D-D4AE-41F3-8D6C-7A0B55F71D4C}"
EndProject
Project("{9A19103F-16F7-4668-BE54-9A1E7A4F7556}") = "THNETII.Common.Cli", "dotnet-common\src\THNETII.Common.Cli\THNETII.Common.Cli.csproj", "{2CB36C99-0025-4D96-9944-9E3CD74EB307}"
EndProject
Project("{2150E333-8FDC-42A3-9474-1A3956D46DE8}") = "aws-sdk-net", "aws-sdk-net", "{ABF796DC-2D10-491B-A433-87B8C9A6A476}"
EndProject
Project("{2150E333-8FDC-42A3-9474-1A3956D46DE8}") = "sdk", "sdk", "{05C61406-85E1-4FCE-9C98-59CDE5978CEB}"
EndProject
Project("{2150E333-8FDC-42A3-9474-1A3956D46DE8}") = "src", "src", "{9CF4BB54-E22F-490E-BBEC-E48C2EADA61B}"
EndProject
Project("{9A19103F-16F7-4668-BE54-9A1E7A4F7556}") = "AWSSDK.Core.CoreCLR", "aws-sdk-net-ext\aws-sdk-net\sdk\src\Core\AWSSDK.Core.CoreCLR.csproj", "{AB4150E7-37A7-43B9-8FA3-1C033DE0466C}"
EndProject
Project("{2150E333-8FDC-42A3-9474-1A3956D46DE8}") = "Services", "Services", "{43D46E7C-BB28-4ED3-A574-5AABFD39E188}"
EndProject
Project("{9A19103F-16F7-4668-BE54-9A1E7A4F7556}") = "AWSSDK.CognitoIdentity.CoreCLR", "aws-sdk-net-ext\aws-sdk-net\sdk\src\Services\CognitoIdentity\AWSSDK.CognitoIdentity.CoreCLR.csproj", "{D0C57EDE-59F5-43D8-92DD-F89BE87C6F05}"
EndProject
Project("{9A19103F-16F7-4668-BE54-9A1E7A4F7556}") = "AWSSDK.Lambda.CoreCLR", "aws-sdk-net-ext\aws-sdk-net\sdk\src\Services\Lambda\AWSSDK.Lambda.CoreCLR.csproj", "{6A7191A3-8758-4242-A973-0E57C8D7ACB3}"
EndProject
Project("{9A19103F-16F7-4668-BE54-9A1E7A4F7556}") = "AWSSDK.SecurityToken.CoreCLR", "aws-sdk-net-ext\aws-sdk-net\sdk\src\Services\SecurityToken\AWSSDK.SecurityToken.CoreCLR.csproj", "{96B17D72-66BC-48E9-A3B1-5DC76DC734BB}"
EndProject
Project("{2150E333-8FDC-42A3-9474-1A3956D46DE8}") = "docfx", "docfx", "{157C391C-3063-4517-9FE9-09E36B04B466}"
EndProject
Project("{9A19103F-16F7-4668-BE54-9A1E7A4F7556}") = "TelenorConnexion.ManagedIoTCloud.DocFx", "docfx\TelenorConnexion.ManagedIoTCloud.DocFx\TelenorConnexion.ManagedIoTCloud.DocFx.csproj", "{6AC62BF5-FB28-425E-BB32-0601799C35F7}"
EndProject
Global
	GlobalSection(SolutionConfigurationPlatforms) = preSolution
		Debug|Any CPU = Debug|Any CPU
		Debug|x64 = Debug|x64
		Debug|x86 = Debug|x86
		Release|Any CPU = Release|Any CPU
		Release|x64 = Release|x64
		Release|x86 = Release|x86
	EndGlobalSection
	GlobalSection(ProjectConfigurationPlatforms) = postSolution
		{FB432AB6-6427-43E1-9D21-6846CA84FE69}.Debug|Any CPU.ActiveCfg = Debug|Any CPU
		{FB432AB6-6427-43E1-9D21-6846CA84FE69}.Debug|Any CPU.Build.0 = Debug|Any CPU
		{FB432AB6-6427-43E1-9D21-6846CA84FE69}.Debug|x64.ActiveCfg = Debug|Any CPU
		{FB432AB6-6427-43E1-9D21-6846CA84FE69}.Debug|x64.Build.0 = Debug|Any CPU
		{FB432AB6-6427-43E1-9D21-6846CA84FE69}.Debug|x86.ActiveCfg = Debug|Any CPU
		{FB432AB6-6427-43E1-9D21-6846CA84FE69}.Debug|x86.Build.0 = Debug|Any CPU
		{FB432AB6-6427-43E1-9D21-6846CA84FE69}.Release|Any CPU.ActiveCfg = Release|Any CPU
		{FB432AB6-6427-43E1-9D21-6846CA84FE69}.Release|Any CPU.Build.0 = Release|Any CPU
		{FB432AB6-6427-43E1-9D21-6846CA84FE69}.Release|x64.ActiveCfg = Release|Any CPU
		{FB432AB6-6427-43E1-9D21-6846CA84FE69}.Release|x64.Build.0 = Release|Any CPU
		{FB432AB6-6427-43E1-9D21-6846CA84FE69}.Release|x86.ActiveCfg = Release|Any CPU
		{FB432AB6-6427-43E1-9D21-6846CA84FE69}.Release|x86.Build.0 = Release|Any CPU
		{5E036EE8-8CF1-42DA-AB7E-E3E507C6E9F1}.Debug|Any CPU.ActiveCfg = Debug|Any CPU
		{5E036EE8-8CF1-42DA-AB7E-E3E507C6E9F1}.Debug|Any CPU.Build.0 = Debug|Any CPU
		{5E036EE8-8CF1-42DA-AB7E-E3E507C6E9F1}.Debug|x64.ActiveCfg = Debug|Any CPU
		{5E036EE8-8CF1-42DA-AB7E-E3E507C6E9F1}.Debug|x64.Build.0 = Debug|Any CPU
		{5E036EE8-8CF1-42DA-AB7E-E3E507C6E9F1}.Debug|x86.ActiveCfg = Debug|Any CPU
		{5E036EE8-8CF1-42DA-AB7E-E3E507C6E9F1}.Debug|x86.Build.0 = Debug|Any CPU
		{5E036EE8-8CF1-42DA-AB7E-E3E507C6E9F1}.Release|Any CPU.ActiveCfg = Release|Any CPU
		{5E036EE8-8CF1-42DA-AB7E-E3E507C6E9F1}.Release|Any CPU.Build.0 = Release|Any CPU
		{5E036EE8-8CF1-42DA-AB7E-E3E507C6E9F1}.Release|x64.ActiveCfg = Release|Any CPU
		{5E036EE8-8CF1-42DA-AB7E-E3E507C6E9F1}.Release|x64.Build.0 = Release|Any CPU
		{5E036EE8-8CF1-42DA-AB7E-E3E507C6E9F1}.Release|x86.ActiveCfg = Release|Any CPU
		{5E036EE8-8CF1-42DA-AB7E-E3E507C6E9F1}.Release|x86.Build.0 = Release|Any CPU
		{6E651B28-06B9-4A69-8176-D76B648E9FD8}.Debug|Any CPU.ActiveCfg = Debug|Any CPU
		{6E651B28-06B9-4A69-8176-D76B648E9FD8}.Debug|Any CPU.Build.0 = Debug|Any CPU
		{6E651B28-06B9-4A69-8176-D76B648E9FD8}.Debug|x64.ActiveCfg = Debug|Any CPU
		{6E651B28-06B9-4A69-8176-D76B648E9FD8}.Debug|x64.Build.0 = Debug|Any CPU
		{6E651B28-06B9-4A69-8176-D76B648E9FD8}.Debug|x86.ActiveCfg = Debug|Any CPU
		{6E651B28-06B9-4A69-8176-D76B648E9FD8}.Debug|x86.Build.0 = Debug|Any CPU
		{6E651B28-06B9-4A69-8176-D76B648E9FD8}.Release|Any CPU.ActiveCfg = Release|Any CPU
		{6E651B28-06B9-4A69-8176-D76B648E9FD8}.Release|Any CPU.Build.0 = Release|Any CPU
		{6E651B28-06B9-4A69-8176-D76B648E9FD8}.Release|x64.ActiveCfg = Release|Any CPU
		{6E651B28-06B9-4A69-8176-D76B648E9FD8}.Release|x64.Build.0 = Release|Any CPU
		{6E651B28-06B9-4A69-8176-D76B648E9FD8}.Release|x86.ActiveCfg = Release|Any CPU
		{6E651B28-06B9-4A69-8176-D76B648E9FD8}.Release|x86.Build.0 = Release|Any CPU
		{214D4FE0-09EA-44D1-ADB7-C9F214AD706D}.Debug|Any CPU.ActiveCfg = Debug|Any CPU
		{214D4FE0-09EA-44D1-ADB7-C9F214AD706D}.Debug|Any CPU.Build.0 = Debug|Any CPU
		{214D4FE0-09EA-44D1-ADB7-C9F214AD706D}.Debug|x64.ActiveCfg = Debug|Any CPU
		{214D4FE0-09EA-44D1-ADB7-C9F214AD706D}.Debug|x64.Build.0 = Debug|Any CPU
		{214D4FE0-09EA-44D1-ADB7-C9F214AD706D}.Debug|x86.ActiveCfg = Debug|Any CPU
		{214D4FE0-09EA-44D1-ADB7-C9F214AD706D}.Debug|x86.Build.0 = Debug|Any CPU
		{214D4FE0-09EA-44D1-ADB7-C9F214AD706D}.Release|Any CPU.ActiveCfg = Release|Any CPU
		{214D4FE0-09EA-44D1-ADB7-C9F214AD706D}.Release|Any CPU.Build.0 = Release|Any CPU
		{214D4FE0-09EA-44D1-ADB7-C9F214AD706D}.Release|x64.ActiveCfg = Release|Any CPU
		{214D4FE0-09EA-44D1-ADB7-C9F214AD706D}.Release|x64.Build.0 = Release|Any CPU
		{214D4FE0-09EA-44D1-ADB7-C9F214AD706D}.Release|x86.ActiveCfg = Release|Any CPU
		{214D4FE0-09EA-44D1-ADB7-C9F214AD706D}.Release|x86.Build.0 = Release|Any CPU
		{1EB61048-41AB-4D9E-82E5-737055E1374B}.Debug|Any CPU.ActiveCfg = Debug|Any CPU
		{1EB61048-41AB-4D9E-82E5-737055E1374B}.Debug|Any CPU.Build.0 = Debug|Any CPU
		{1EB61048-41AB-4D9E-82E5-737055E1374B}.Debug|x64.ActiveCfg = Debug|Any CPU
		{1EB61048-41AB-4D9E-82E5-737055E1374B}.Debug|x64.Build.0 = Debug|Any CPU
		{1EB61048-41AB-4D9E-82E5-737055E1374B}.Debug|x86.ActiveCfg = Debug|Any CPU
		{1EB61048-41AB-4D9E-82E5-737055E1374B}.Debug|x86.Build.0 = Debug|Any CPU
		{1EB61048-41AB-4D9E-82E5-737055E1374B}.Release|Any CPU.ActiveCfg = Release|Any CPU
		{1EB61048-41AB-4D9E-82E5-737055E1374B}.Release|Any CPU.Build.0 = Release|Any CPU
		{1EB61048-41AB-4D9E-82E5-737055E1374B}.Release|x64.ActiveCfg = Release|Any CPU
		{1EB61048-41AB-4D9E-82E5-737055E1374B}.Release|x64.Build.0 = Release|Any CPU
		{1EB61048-41AB-4D9E-82E5-737055E1374B}.Release|x86.ActiveCfg = Release|Any CPU
		{1EB61048-41AB-4D9E-82E5-737055E1374B}.Release|x86.Build.0 = Release|Any CPU
		{217B5BED-8182-407C-AC26-9F7BBB3FAF11}.Debug|Any CPU.ActiveCfg = Debug|Any CPU
		{217B5BED-8182-407C-AC26-9F7BBB3FAF11}.Debug|Any CPU.Build.0 = Debug|Any CPU
		{217B5BED-8182-407C-AC26-9F7BBB3FAF11}.Debug|x64.ActiveCfg = Debug|Any CPU
		{217B5BED-8182-407C-AC26-9F7BBB3FAF11}.Debug|x64.Build.0 = Debug|Any CPU
		{217B5BED-8182-407C-AC26-9F7BBB3FAF11}.Debug|x86.ActiveCfg = Debug|Any CPU
		{217B5BED-8182-407C-AC26-9F7BBB3FAF11}.Debug|x86.Build.0 = Debug|Any CPU
		{217B5BED-8182-407C-AC26-9F7BBB3FAF11}.Release|Any CPU.ActiveCfg = Release|Any CPU
		{217B5BED-8182-407C-AC26-9F7BBB3FAF11}.Release|Any CPU.Build.0 = Release|Any CPU
		{217B5BED-8182-407C-AC26-9F7BBB3FAF11}.Release|x64.ActiveCfg = Release|Any CPU
		{217B5BED-8182-407C-AC26-9F7BBB3FAF11}.Release|x64.Build.0 = Release|Any CPU
		{217B5BED-8182-407C-AC26-9F7BBB3FAF11}.Release|x86.ActiveCfg = Release|Any CPU
		{217B5BED-8182-407C-AC26-9F7BBB3FAF11}.Release|x86.Build.0 = Release|Any CPU
		{EE4AE366-D0CD-4441-B27B-54C1766D79B5}.Debug|Any CPU.ActiveCfg = Debug|Any CPU
		{EE4AE366-D0CD-4441-B27B-54C1766D79B5}.Debug|Any CPU.Build.0 = Debug|Any CPU
		{EE4AE366-D0CD-4441-B27B-54C1766D79B5}.Debug|x64.ActiveCfg = Debug|Any CPU
		{EE4AE366-D0CD-4441-B27B-54C1766D79B5}.Debug|x64.Build.0 = Debug|Any CPU
		{EE4AE366-D0CD-4441-B27B-54C1766D79B5}.Debug|x86.ActiveCfg = Debug|Any CPU
		{EE4AE366-D0CD-4441-B27B-54C1766D79B5}.Debug|x86.Build.0 = Debug|Any CPU
		{EE4AE366-D0CD-4441-B27B-54C1766D79B5}.Release|Any CPU.ActiveCfg = Release|Any CPU
		{EE4AE366-D0CD-4441-B27B-54C1766D79B5}.Release|Any CPU.Build.0 = Release|Any CPU
		{EE4AE366-D0CD-4441-B27B-54C1766D79B5}.Release|x64.ActiveCfg = Release|Any CPU
		{EE4AE366-D0CD-4441-B27B-54C1766D79B5}.Release|x64.Build.0 = Release|Any CPU
		{EE4AE366-D0CD-4441-B27B-54C1766D79B5}.Release|x86.ActiveCfg = Release|Any CPU
		{EE4AE366-D0CD-4441-B27B-54C1766D79B5}.Release|x86.Build.0 = Release|Any CPU
		{20CF3407-E958-4DBB-A1AA-8DACE2771CC0}.Debug|Any CPU.ActiveCfg = Debug|Any CPU
		{20CF3407-E958-4DBB-A1AA-8DACE2771CC0}.Debug|Any CPU.Build.0 = Debug|Any CPU
		{20CF3407-E958-4DBB-A1AA-8DACE2771CC0}.Debug|x64.ActiveCfg = Debug|Any CPU
		{20CF3407-E958-4DBB-A1AA-8DACE2771CC0}.Debug|x64.Build.0 = Debug|Any CPU
		{20CF3407-E958-4DBB-A1AA-8DACE2771CC0}.Debug|x86.ActiveCfg = Debug|Any CPU
		{20CF3407-E958-4DBB-A1AA-8DACE2771CC0}.Debug|x86.Build.0 = Debug|Any CPU
		{20CF3407-E958-4DBB-A1AA-8DACE2771CC0}.Release|Any CPU.ActiveCfg = Release|Any CPU
		{20CF3407-E958-4DBB-A1AA-8DACE2771CC0}.Release|Any CPU.Build.0 = Release|Any CPU
		{20CF3407-E958-4DBB-A1AA-8DACE2771CC0}.Release|x64.ActiveCfg = Release|Any CPU
		{20CF3407-E958-4DBB-A1AA-8DACE2771CC0}.Release|x64.Build.0 = Release|Any CPU
		{20CF3407-E958-4DBB-A1AA-8DACE2771CC0}.Release|x86.ActiveCfg = Release|Any CPU
		{20CF3407-E958-4DBB-A1AA-8DACE2771CC0}.Release|x86.Build.0 = Release|Any CPU
		{C20DD58C-6DA2-450E-8AB4-99EB4BA91195}.Debug|Any CPU.ActiveCfg = Debug|Any CPU
		{C20DD58C-6DA2-450E-8AB4-99EB4BA91195}.Debug|Any CPU.Build.0 = Debug|Any CPU
		{C20DD58C-6DA2-450E-8AB4-99EB4BA91195}.Debug|x64.ActiveCfg = Debug|Any CPU
		{C20DD58C-6DA2-450E-8AB4-99EB4BA91195}.Debug|x64.Build.0 = Debug|Any CPU
		{C20DD58C-6DA2-450E-8AB4-99EB4BA91195}.Debug|x86.ActiveCfg = Debug|Any CPU
		{C20DD58C-6DA2-450E-8AB4-99EB4BA91195}.Debug|x86.Build.0 = Debug|Any CPU
		{C20DD58C-6DA2-450E-8AB4-99EB4BA91195}.Release|Any CPU.ActiveCfg = Release|Any CPU
		{C20DD58C-6DA2-450E-8AB4-99EB4BA91195}.Release|Any CPU.Build.0 = Release|Any CPU
		{C20DD58C-6DA2-450E-8AB4-99EB4BA91195}.Release|x64.ActiveCfg = Release|Any CPU
		{C20DD58C-6DA2-450E-8AB4-99EB4BA91195}.Release|x64.Build.0 = Release|Any CPU
		{C20DD58C-6DA2-450E-8AB4-99EB4BA91195}.Release|x86.ActiveCfg = Release|Any CPU
		{C20DD58C-6DA2-450E-8AB4-99EB4BA91195}.Release|x86.Build.0 = Release|Any CPU
		{F23F349D-D4AE-41F3-8D6C-7A0B55F71D4C}.Debug|Any CPU.ActiveCfg = Debug|Any CPU
		{F23F349D-D4AE-41F3-8D6C-7A0B55F71D4C}.Debug|Any CPU.Build.0 = Debug|Any CPU
		{F23F349D-D4AE-41F3-8D6C-7A0B55F71D4C}.Debug|x64.ActiveCfg = Debug|Any CPU
		{F23F349D-D4AE-41F3-8D6C-7A0B55F71D4C}.Debug|x64.Build.0 = Debug|Any CPU
		{F23F349D-D4AE-41F3-8D6C-7A0B55F71D4C}.Debug|x86.ActiveCfg = Debug|Any CPU
		{F23F349D-D4AE-41F3-8D6C-7A0B55F71D4C}.Debug|x86.Build.0 = Debug|Any CPU
		{F23F349D-D4AE-41F3-8D6C-7A0B55F71D4C}.Release|Any CPU.ActiveCfg = Release|Any CPU
		{F23F349D-D4AE-41F3-8D6C-7A0B55F71D4C}.Release|Any CPU.Build.0 = Release|Any CPU
		{F23F349D-D4AE-41F3-8D6C-7A0B55F71D4C}.Release|x64.ActiveCfg = Release|Any CPU
		{F23F349D-D4AE-41F3-8D6C-7A0B55F71D4C}.Release|x64.Build.0 = Release|Any CPU
		{F23F349D-D4AE-41F3-8D6C-7A0B55F71D4C}.Release|x86.ActiveCfg = Release|Any CPU
		{F23F349D-D4AE-41F3-8D6C-7A0B55F71D4C}.Release|x86.Build.0 = Release|Any CPU
		{2CB36C99-0025-4D96-9944-9E3CD74EB307}.Debug|Any CPU.ActiveCfg = Debug|Any CPU
		{2CB36C99-0025-4D96-9944-9E3CD74EB307}.Debug|Any CPU.Build.0 = Debug|Any CPU
		{2CB36C99-0025-4D96-9944-9E3CD74EB307}.Debug|x64.ActiveCfg = Debug|Any CPU
		{2CB36C99-0025-4D96-9944-9E3CD74EB307}.Debug|x64.Build.0 = Debug|Any CPU
		{2CB36C99-0025-4D96-9944-9E3CD74EB307}.Debug|x86.ActiveCfg = Debug|Any CPU
		{2CB36C99-0025-4D96-9944-9E3CD74EB307}.Debug|x86.Build.0 = Debug|Any CPU
		{2CB36C99-0025-4D96-9944-9E3CD74EB307}.Release|Any CPU.ActiveCfg = Release|Any CPU
		{2CB36C99-0025-4D96-9944-9E3CD74EB307}.Release|Any CPU.Build.0 = Release|Any CPU
		{2CB36C99-0025-4D96-9944-9E3CD74EB307}.Release|x64.ActiveCfg = Release|Any CPU
		{2CB36C99-0025-4D96-9944-9E3CD74EB307}.Release|x64.Build.0 = Release|Any CPU
		{2CB36C99-0025-4D96-9944-9E3CD74EB307}.Release|x86.ActiveCfg = Release|Any CPU
		{2CB36C99-0025-4D96-9944-9E3CD74EB307}.Release|x86.Build.0 = Release|Any CPU
		{AB4150E7-37A7-43B9-8FA3-1C033DE0466C}.Debug|Any CPU.ActiveCfg = Debug|Any CPU
		{AB4150E7-37A7-43B9-8FA3-1C033DE0466C}.Debug|Any CPU.Build.0 = Debug|Any CPU
		{AB4150E7-37A7-43B9-8FA3-1C033DE0466C}.Debug|x64.ActiveCfg = Debug|Any CPU
		{AB4150E7-37A7-43B9-8FA3-1C033DE0466C}.Debug|x64.Build.0 = Debug|Any CPU
		{AB4150E7-37A7-43B9-8FA3-1C033DE0466C}.Debug|x86.ActiveCfg = Debug|Any CPU
		{AB4150E7-37A7-43B9-8FA3-1C033DE0466C}.Debug|x86.Build.0 = Debug|Any CPU
		{AB4150E7-37A7-43B9-8FA3-1C033DE0466C}.Release|Any CPU.ActiveCfg = Release|Any CPU
		{AB4150E7-37A7-43B9-8FA3-1C033DE0466C}.Release|Any CPU.Build.0 = Release|Any CPU
		{AB4150E7-37A7-43B9-8FA3-1C033DE0466C}.Release|x64.ActiveCfg = Release|Any CPU
		{AB4150E7-37A7-43B9-8FA3-1C033DE0466C}.Release|x64.Build.0 = Release|Any CPU
		{AB4150E7-37A7-43B9-8FA3-1C033DE0466C}.Release|x86.ActiveCfg = Release|Any CPU
		{AB4150E7-37A7-43B9-8FA3-1C033DE0466C}.Release|x86.Build.0 = Release|Any CPU
		{D0C57EDE-59F5-43D8-92DD-F89BE87C6F05}.Debug|Any CPU.ActiveCfg = Debug|Any CPU
		{D0C57EDE-59F5-43D8-92DD-F89BE87C6F05}.Debug|Any CPU.Build.0 = Debug|Any CPU
		{D0C57EDE-59F5-43D8-92DD-F89BE87C6F05}.Debug|x64.ActiveCfg = Debug|Any CPU
		{D0C57EDE-59F5-43D8-92DD-F89BE87C6F05}.Debug|x64.Build.0 = Debug|Any CPU
		{D0C57EDE-59F5-43D8-92DD-F89BE87C6F05}.Debug|x86.ActiveCfg = Debug|Any CPU
		{D0C57EDE-59F5-43D8-92DD-F89BE87C6F05}.Debug|x86.Build.0 = Debug|Any CPU
		{D0C57EDE-59F5-43D8-92DD-F89BE87C6F05}.Release|Any CPU.ActiveCfg = Release|Any CPU
		{D0C57EDE-59F5-43D8-92DD-F89BE87C6F05}.Release|Any CPU.Build.0 = Release|Any CPU
		{D0C57EDE-59F5-43D8-92DD-F89BE87C6F05}.Release|x64.ActiveCfg = Release|Any CPU
		{D0C57EDE-59F5-43D8-92DD-F89BE87C6F05}.Release|x64.Build.0 = Release|Any CPU
		{D0C57EDE-59F5-43D8-92DD-F89BE87C6F05}.Release|x86.ActiveCfg = Release|Any CPU
		{D0C57EDE-59F5-43D8-92DD-F89BE87C6F05}.Release|x86.Build.0 = Release|Any CPU
		{6A7191A3-8758-4242-A973-0E57C8D7ACB3}.Debug|Any CPU.ActiveCfg = Debug|Any CPU
		{6A7191A3-8758-4242-A973-0E57C8D7ACB3}.Debug|Any CPU.Build.0 = Debug|Any CPU
		{6A7191A3-8758-4242-A973-0E57C8D7ACB3}.Debug|x64.ActiveCfg = Debug|Any CPU
		{6A7191A3-8758-4242-A973-0E57C8D7ACB3}.Debug|x64.Build.0 = Debug|Any CPU
		{6A7191A3-8758-4242-A973-0E57C8D7ACB3}.Debug|x86.ActiveCfg = Debug|Any CPU
		{6A7191A3-8758-4242-A973-0E57C8D7ACB3}.Debug|x86.Build.0 = Debug|Any CPU
		{6A7191A3-8758-4242-A973-0E57C8D7ACB3}.Release|Any CPU.ActiveCfg = Release|Any CPU
		{6A7191A3-8758-4242-A973-0E57C8D7ACB3}.Release|Any CPU.Build.0 = Release|Any CPU
		{6A7191A3-8758-4242-A973-0E57C8D7ACB3}.Release|x64.ActiveCfg = Release|Any CPU
		{6A7191A3-8758-4242-A973-0E57C8D7ACB3}.Release|x64.Build.0 = Release|Any CPU
		{6A7191A3-8758-4242-A973-0E57C8D7ACB3}.Release|x86.ActiveCfg = Release|Any CPU
		{6A7191A3-8758-4242-A973-0E57C8D7ACB3}.Release|x86.Build.0 = Release|Any CPU
		{96B17D72-66BC-48E9-A3B1-5DC76DC734BB}.Debug|Any CPU.ActiveCfg = Debug|Any CPU
		{96B17D72-66BC-48E9-A3B1-5DC76DC734BB}.Debug|Any CPU.Build.0 = Debug|Any CPU
		{96B17D72-66BC-48E9-A3B1-5DC76DC734BB}.Debug|x64.ActiveCfg = Debug|Any CPU
		{96B17D72-66BC-48E9-A3B1-5DC76DC734BB}.Debug|x64.Build.0 = Debug|Any CPU
		{96B17D72-66BC-48E9-A3B1-5DC76DC734BB}.Debug|x86.ActiveCfg = Debug|Any CPU
		{96B17D72-66BC-48E9-A3B1-5DC76DC734BB}.Debug|x86.Build.0 = Debug|Any CPU
		{96B17D72-66BC-48E9-A3B1-5DC76DC734BB}.Release|Any CPU.ActiveCfg = Release|Any CPU
		{96B17D72-66BC-48E9-A3B1-5DC76DC734BB}.Release|Any CPU.Build.0 = Release|Any CPU
		{96B17D72-66BC-48E9-A3B1-5DC76DC734BB}.Release|x64.ActiveCfg = Release|Any CPU
		{96B17D72-66BC-48E9-A3B1-5DC76DC734BB}.Release|x64.Build.0 = Release|Any CPU
		{96B17D72-66BC-48E9-A3B1-5DC76DC734BB}.Release|x86.ActiveCfg = Release|Any CPU
		{96B17D72-66BC-48E9-A3B1-5DC76DC734BB}.Release|x86.Build.0 = Release|Any CPU
		{6AC62BF5-FB28-425E-BB32-0601799C35F7}.Debug|Any CPU.ActiveCfg = Debug|Any CPU
		{6AC62BF5-FB28-425E-BB32-0601799C35F7}.Debug|x64.ActiveCfg = Debug|Any CPU
		{6AC62BF5-FB28-425E-BB32-0601799C35F7}.Debug|x86.ActiveCfg = Debug|Any CPU
		{6AC62BF5-FB28-425E-BB32-0601799C35F7}.Release|Any CPU.ActiveCfg = Release|Any CPU
		{6AC62BF5-FB28-425E-BB32-0601799C35F7}.Release|x64.ActiveCfg = Release|Any CPU
		{6AC62BF5-FB28-425E-BB32-0601799C35F7}.Release|x86.ActiveCfg = Release|Any CPU
	EndGlobalSection
	GlobalSection(SolutionProperties) = preSolution
		HideSolutionNode = FALSE
	EndGlobalSection
	GlobalSection(NestedProjects) = preSolution
		{3074DAB8-F585-4DBA-BF6F-2F2689B46D23} = {CBBB91A9-A9EB-4694-8E1C-F4D1E0F0F94B}
		{FB432AB6-6427-43E1-9D21-6846CA84FE69} = {3074DAB8-F585-4DBA-BF6F-2F2689B46D23}
		{5E036EE8-8CF1-42DA-AB7E-E3E507C6E9F1} = {3074DAB8-F585-4DBA-BF6F-2F2689B46D23}
		{6E651B28-06B9-4A69-8176-D76B648E9FD8} = {3074DAB8-F585-4DBA-BF6F-2F2689B46D23}
		{214D4FE0-09EA-44D1-ADB7-C9F214AD706D} = {D5B1372B-83AF-4060-9A56-2C606C293F3C}
		{1EB61048-41AB-4D9E-82E5-737055E1374B} = {74FC2AC8-DFA0-4A40-BBA7-BB6851AA11E7}
		{217B5BED-8182-407C-AC26-9F7BBB3FAF11} = {14DF9197-C154-40D1-8001-632BCF08E96E}
		{3746CEDF-85CF-42DE-8208-66A2C5904958} = {59557A01-A95D-4125-9A6B-D65D50E0A2AC}
		{EE4AE366-D0CD-4441-B27B-54C1766D79B5} = {3746CEDF-85CF-42DE-8208-66A2C5904958}
		{20CF3407-E958-4DBB-A1AA-8DACE2771CC0} = {3746CEDF-85CF-42DE-8208-66A2C5904958}
		{C20DD58C-6DA2-450E-8AB4-99EB4BA91195} = {14DF9197-C154-40D1-8001-632BCF08E96E}
		{F23F349D-D4AE-41F3-8D6C-7A0B55F71D4C} = {14DF9197-C154-40D1-8001-632BCF08E96E}
		{2CB36C99-0025-4D96-9944-9E3CD74EB307} = {3074DAB8-F585-4DBA-BF6F-2F2689B46D23}
		{ABF796DC-2D10-491B-A433-87B8C9A6A476} = {59557A01-A95D-4125-9A6B-D65D50E0A2AC}
		{05C61406-85E1-4FCE-9C98-59CDE5978CEB} = {ABF796DC-2D10-491B-A433-87B8C9A6A476}
		{9CF4BB54-E22F-490E-BBEC-E48C2EADA61B} = {05C61406-85E1-4FCE-9C98-59CDE5978CEB}
		{AB4150E7-37A7-43B9-8FA3-1C033DE0466C} = {9CF4BB54-E22F-490E-BBEC-E48C2EADA61B}
		{43D46E7C-BB28-4ED3-A574-5AABFD39E188} = {9CF4BB54-E22F-490E-BBEC-E48C2EADA61B}
		{D0C57EDE-59F5-43D8-92DD-F89BE87C6F05} = {43D46E7C-BB28-4ED3-A574-5AABFD39E188}
		{6A7191A3-8758-4242-A973-0E57C8D7ACB3} = {43D46E7C-BB28-4ED3-A574-5AABFD39E188}
		{96B17D72-66BC-48E9-A3B1-5DC76DC734BB} = {43D46E7C-BB28-4ED3-A574-5AABFD39E188}
		{6AC62BF5-FB28-425E-BB32-0601799C35F7} = {157C391C-3063-4517-9FE9-09E36B04B466}
	EndGlobalSection
	GlobalSection(ExtensibilityGlobals) = postSolution
		SolutionGuid = {9D7EB7D3-BB18-4A25-B5BF-A236A532AE65}
	EndGlobalSection
EndGlobal
