Microsoft Visual Studio Solution File, Format Version 12.00
# Visual Studio Version 16
VisualStudioVersion = 16.0.28917.182
MinimumVisualStudioVersion = 15.0.26124.0
Project("{2150E333-8FDC-42A3-9474-1A3956D46DE8}") = "Solution Items", "Solution Items", "{738576E8-C251-4B22-A3A1-3CB9E3D3ACA1}"
	ProjectSection(SolutionItems) = preProject
		.editorconfig = .editorconfig
		.gitattributes = .gitattributes
		.gitignore = .gitignore
		.gitmodules = .gitmodules
		AllRules.ruleset = AllRules.ruleset
		Directory.Build.props = Directory.Build.props
		Directory.Meta.props = Directory.Meta.props
		Directory.Version.props = Directory.Version.props
		LICENSE = LICENSE
	EndProjectSection
EndProject
Project("{2150E333-8FDC-42A3-9474-1A3956D46DE8}") = "src", "src", "{14DF9197-C154-40D1-8001-632BCF08E96E}"
EndProject
Project("{9A19103F-16F7-4668-BE54-9A1E7A4F7556}") = "TelenorConnexion.ManagedIoTCloud.Test", "test\TelenorConnexion.ManagedIoTCloud.Test\TelenorConnexion.ManagedIoTCloud.Test.csproj", "{214D4FE0-09EA-44D1-ADB7-C9F214AD706D}"
EndProject
Project("{2150E333-8FDC-42A3-9474-1A3956D46DE8}") = "test", "test", "{D5B1372B-83AF-4060-9A56-2C606C293F3C}"
EndProject
Project("{2150E333-8FDC-42A3-9474-1A3956D46DE8}") = "sample", "sample", "{74FC2AC8-DFA0-4A40-BBA7-BB6851AA11E7}"
EndProject
Project("{9A19103F-16F7-4668-BE54-9A1E7A4F7556}") = "TelenorConnexion.ManagedIoTCloud.Sample.Cmd", "sample\TelenorConnexion.ManagedIoTCloud.Sample.Cmd\TelenorConnexion.ManagedIoTCloud.Sample.Cmd.csproj", "{1EB61048-41AB-4D9E-82E5-737055E1374B}"
EndProject
Project("{9A19103F-16F7-4668-BE54-9A1E7A4F7556}") = "TelenorConnexion.ManagedIoTCloud", "src\TelenorConnexion.ManagedIoTCloud\TelenorConnexion.ManagedIoTCloud.csproj", "{217B5BED-8182-407C-AC26-9F7BBB3FAF11}"
EndProject
Project("{9A19103F-16F7-4668-BE54-9A1E7A4F7556}") = "TelenorConnexion.ManagedIoTCloud.CloudApi.Abstractions", "src\TelenorConnexion.ManagedIoTCloud.CloudApi.Abstractions\TelenorConnexion.ManagedIoTCloud.CloudApi.Abstractions.csproj", "{C9F55E4E-3439-4BE2-9AC1-482BDD751F58}"
EndProject
Project("{9A19103F-16F7-4668-BE54-9A1E7A4F7556}") = "TelenorConnexion.ManagedIoTCloud.Authentication", "src\TelenorConnexion.ManagedIoTCloud.Authentication\TelenorConnexion.ManagedIoTCloud.Authentication.csproj", "{B77A4F5D-93C4-4504-8710-6A5DC495886E}"
EndProject
Project("{9A19103F-16F7-4668-BE54-9A1E7A4F7556}") = "TelenorConnexion.ManagedIoTCloud.Sample.Authentication", "sample\TelenorConnexion.ManagedIoTCloud.Sample.Authentication\TelenorConnexion.ManagedIoTCloud.Sample.Authentication.csproj", "{D1EE8788-ED9D-4362-9E45-18329A18AED8}"
EndProject
Project("{2150E333-8FDC-42A3-9474-1A3956D46DE8}") = "aws-sdk-net-ext", "aws-sdk-net-ext", "{64C41B08-651A-46F1-BD72-F347BFF3BBD9}"
EndProject
Project("{2150E333-8FDC-42A3-9474-1A3956D46DE8}") = "src", "src", "{E8A70469-069B-453B-8418-19309B8BC412}"
EndProject
Project("{9A19103F-16F7-4668-BE54-9A1E7A4F7556}") = "THNETII.AWSSDK.IoTDeviceGateway", "aws-sdk-net-ext\src\THNETII.AWSSDK.IoTDeviceGateway\THNETII.AWSSDK.IoTDeviceGateway.csproj", "{DB9DDCDE-8BD2-4A01-92F6-68F7A3F70314}"
EndProject
Project("{9A19103F-16F7-4668-BE54-9A1E7A4F7556}") = "THNETII.AWSSDK.IoTDeviceGateway.Mqtt", "aws-sdk-net-ext\src\THNETII.AWSSDK.IoTDeviceGateway.Mqtt\THNETII.AWSSDK.IoTDeviceGateway.Mqtt.csproj", "{9701F31C-2B7D-40FB-A675-D90F2AF3A717}"
EndProject
Project("{2150E333-8FDC-42A3-9474-1A3956D46DE8}") = "dotnet-common", "dotnet-common", "{87069A56-EFBE-438D-9197-3734492CB9B3}"
EndProject
Project("{2150E333-8FDC-42A3-9474-1A3956D46DE8}") = "src", "src", "{3B99DEC3-920A-458C-B9E5-D4F7BB069603}"
EndProject
Project("{9A19103F-16F7-4668-BE54-9A1E7A4F7556}") = "THNETII.Common", "dotnet-common\src\THNETII.Common\THNETII.Common.csproj", "{B04B9EB5-29EF-4662-978F-C1E4206C8428}"
EndProject
Project("{9A19103F-16F7-4668-BE54-9A1E7A4F7556}") = "THNETII.Networking.Http", "dotnet-common\src\THNETII.Networking.Http\THNETII.Networking.Http.csproj", "{4F494655-A732-4334-B633-0242EE228B71}"
EndProject
Project("{9A19103F-16F7-4668-BE54-9A1E7A4F7556}") = "THNETII.TypeConverter", "dotnet-common\src\THNETII.TypeConverter\THNETII.TypeConverter.csproj", "{ECB66D32-D2F8-49A8-B2C6-6613093CECC4}"
EndProject
Project("{9A19103F-16F7-4668-BE54-9A1E7A4F7556}") = "THNETII.CommandLine.Extensions", "dotnet-common\src\THNETII.CommandLine.Extensions\THNETII.CommandLine.Extensions.csproj", "{D6B5F41D-F411-48E6-84E1-0241FD1C4DAD}"
EndProject
Project("{9A19103F-16F7-4668-BE54-9A1E7A4F7556}") = "THNETII.TypeConverter.Serialization", "dotnet-common\src\THNETII.TypeConverter.Serialization\THNETII.TypeConverter.Serialization.csproj", "{5013C0B1-D53A-4182-ABC4-0FB3D3BF44C9}"
EndProject
Project("{9A19103F-16F7-4668-BE54-9A1E7A4F7556}") = "TelenorConnexion.ManagedIoTCloud.CloudApi.Rest", "src\TelenorConnexion.ManagedIoTCloud.CloudApi.Rest\TelenorConnexion.ManagedIoTCloud.CloudApi.Rest.csproj", "{841C9DE9-D8FC-46B8-855D-946FF0F3DD4E}"
EndProject
Global
	GlobalSection(SolutionConfigurationPlatforms) = preSolution
		Debug|Any CPU = Debug|Any CPU
		Debug|x64 = Debug|x64
		Debug|x86 = Debug|x86
		Release|Any CPU = Release|Any CPU
		Release|x64 = Release|x64
		Release|x86 = Release|x86
	EndGlobalSection
	GlobalSection(ProjectConfigurationPlatforms) = postSolution
		{214D4FE0-09EA-44D1-ADB7-C9F214AD706D}.Debug|Any CPU.ActiveCfg = Debug|Any CPU
		{214D4FE0-09EA-44D1-ADB7-C9F214AD706D}.Debug|Any CPU.Build.0 = Debug|Any CPU
		{214D4FE0-09EA-44D1-ADB7-C9F214AD706D}.Debug|x64.ActiveCfg = Debug|Any CPU
		{214D4FE0-09EA-44D1-ADB7-C9F214AD706D}.Debug|x64.Build.0 = Debug|Any CPU
		{214D4FE0-09EA-44D1-ADB7-C9F214AD706D}.Debug|x86.ActiveCfg = Debug|Any CPU
		{214D4FE0-09EA-44D1-ADB7-C9F214AD706D}.Debug|x86.Build.0 = Debug|Any CPU
		{214D4FE0-09EA-44D1-ADB7-C9F214AD706D}.Release|Any CPU.ActiveCfg = Release|Any CPU
		{214D4FE0-09EA-44D1-ADB7-C9F214AD706D}.Release|Any CPU.Build.0 = Release|Any CPU
		{214D4FE0-09EA-44D1-ADB7-C9F214AD706D}.Release|x64.ActiveCfg = Release|Any CPU
		{214D4FE0-09EA-44D1-ADB7-C9F214AD706D}.Release|x64.Build.0 = Release|Any CPU
		{214D4FE0-09EA-44D1-ADB7-C9F214AD706D}.Release|x86.ActiveCfg = Release|Any CPU
		{214D4FE0-09EA-44D1-ADB7-C9F214AD706D}.Release|x86.Build.0 = Release|Any CPU
		{1EB61048-41AB-4D9E-82E5-737055E1374B}.Debug|Any CPU.ActiveCfg = Debug|Any CPU
		{1EB61048-41AB-4D9E-82E5-737055E1374B}.Debug|Any CPU.Build.0 = Debug|Any CPU
		{1EB61048-41AB-4D9E-82E5-737055E1374B}.Debug|x64.ActiveCfg = Debug|Any CPU
		{1EB61048-41AB-4D9E-82E5-737055E1374B}.Debug|x64.Build.0 = Debug|Any CPU
		{1EB61048-41AB-4D9E-82E5-737055E1374B}.Debug|x86.ActiveCfg = Debug|Any CPU
		{1EB61048-41AB-4D9E-82E5-737055E1374B}.Debug|x86.Build.0 = Debug|Any CPU
		{1EB61048-41AB-4D9E-82E5-737055E1374B}.Release|Any CPU.ActiveCfg = Release|Any CPU
		{1EB61048-41AB-4D9E-82E5-737055E1374B}.Release|Any CPU.Build.0 = Release|Any CPU
		{1EB61048-41AB-4D9E-82E5-737055E1374B}.Release|x64.ActiveCfg = Release|Any CPU
		{1EB61048-41AB-4D9E-82E5-737055E1374B}.Release|x64.Build.0 = Release|Any CPU
		{1EB61048-41AB-4D9E-82E5-737055E1374B}.Release|x86.ActiveCfg = Release|Any CPU
		{1EB61048-41AB-4D9E-82E5-737055E1374B}.Release|x86.Build.0 = Release|Any CPU
		{217B5BED-8182-407C-AC26-9F7BBB3FAF11}.Debug|Any CPU.ActiveCfg = Debug|Any CPU
		{217B5BED-8182-407C-AC26-9F7BBB3FAF11}.Debug|Any CPU.Build.0 = Debug|Any CPU
		{217B5BED-8182-407C-AC26-9F7BBB3FAF11}.Debug|x64.ActiveCfg = Debug|Any CPU
		{217B5BED-8182-407C-AC26-9F7BBB3FAF11}.Debug|x64.Build.0 = Debug|Any CPU
		{217B5BED-8182-407C-AC26-9F7BBB3FAF11}.Debug|x86.ActiveCfg = Debug|Any CPU
		{217B5BED-8182-407C-AC26-9F7BBB3FAF11}.Debug|x86.Build.0 = Debug|Any CPU
		{217B5BED-8182-407C-AC26-9F7BBB3FAF11}.Release|Any CPU.ActiveCfg = Release|Any CPU
		{217B5BED-8182-407C-AC26-9F7BBB3FAF11}.Release|Any CPU.Build.0 = Release|Any CPU
		{217B5BED-8182-407C-AC26-9F7BBB3FAF11}.Release|x64.ActiveCfg = Release|Any CPU
		{217B5BED-8182-407C-AC26-9F7BBB3FAF11}.Release|x64.Build.0 = Release|Any CPU
		{217B5BED-8182-407C-AC26-9F7BBB3FAF11}.Release|x86.ActiveCfg = Release|Any CPU
		{217B5BED-8182-407C-AC26-9F7BBB3FAF11}.Release|x86.Build.0 = Release|Any CPU
		{C9F55E4E-3439-4BE2-9AC1-482BDD751F58}.Debug|Any CPU.ActiveCfg = Debug|Any CPU
		{C9F55E4E-3439-4BE2-9AC1-482BDD751F58}.Debug|Any CPU.Build.0 = Debug|Any CPU
		{C9F55E4E-3439-4BE2-9AC1-482BDD751F58}.Debug|x64.ActiveCfg = Debug|Any CPU
		{C9F55E4E-3439-4BE2-9AC1-482BDD751F58}.Debug|x64.Build.0 = Debug|Any CPU
		{C9F55E4E-3439-4BE2-9AC1-482BDD751F58}.Debug|x86.ActiveCfg = Debug|Any CPU
		{C9F55E4E-3439-4BE2-9AC1-482BDD751F58}.Debug|x86.Build.0 = Debug|Any CPU
		{C9F55E4E-3439-4BE2-9AC1-482BDD751F58}.Release|Any CPU.ActiveCfg = Release|Any CPU
		{C9F55E4E-3439-4BE2-9AC1-482BDD751F58}.Release|Any CPU.Build.0 = Release|Any CPU
		{C9F55E4E-3439-4BE2-9AC1-482BDD751F58}.Release|x64.ActiveCfg = Release|Any CPU
		{C9F55E4E-3439-4BE2-9AC1-482BDD751F58}.Release|x64.Build.0 = Release|Any CPU
		{C9F55E4E-3439-4BE2-9AC1-482BDD751F58}.Release|x86.ActiveCfg = Release|Any CPU
		{C9F55E4E-3439-4BE2-9AC1-482BDD751F58}.Release|x86.Build.0 = Release|Any CPU
		{B77A4F5D-93C4-4504-8710-6A5DC495886E}.Debug|Any CPU.ActiveCfg = Debug|Any CPU
		{B77A4F5D-93C4-4504-8710-6A5DC495886E}.Debug|Any CPU.Build.0 = Debug|Any CPU
		{B77A4F5D-93C4-4504-8710-6A5DC495886E}.Debug|x64.ActiveCfg = Debug|Any CPU
		{B77A4F5D-93C4-4504-8710-6A5DC495886E}.Debug|x64.Build.0 = Debug|Any CPU
		{B77A4F5D-93C4-4504-8710-6A5DC495886E}.Debug|x86.ActiveCfg = Debug|Any CPU
		{B77A4F5D-93C4-4504-8710-6A5DC495886E}.Debug|x86.Build.0 = Debug|Any CPU
		{B77A4F5D-93C4-4504-8710-6A5DC495886E}.Release|Any CPU.ActiveCfg = Release|Any CPU
		{B77A4F5D-93C4-4504-8710-6A5DC495886E}.Release|Any CPU.Build.0 = Release|Any CPU
		{B77A4F5D-93C4-4504-8710-6A5DC495886E}.Release|x64.ActiveCfg = Release|Any CPU
		{B77A4F5D-93C4-4504-8710-6A5DC495886E}.Release|x64.Build.0 = Release|Any CPU
		{B77A4F5D-93C4-4504-8710-6A5DC495886E}.Release|x86.ActiveCfg = Release|Any CPU
		{B77A4F5D-93C4-4504-8710-6A5DC495886E}.Release|x86.Build.0 = Release|Any CPU
		{D1EE8788-ED9D-4362-9E45-18329A18AED8}.Debug|Any CPU.ActiveCfg = Debug|Any CPU
		{D1EE8788-ED9D-4362-9E45-18329A18AED8}.Debug|Any CPU.Build.0 = Debug|Any CPU
		{D1EE8788-ED9D-4362-9E45-18329A18AED8}.Debug|x64.ActiveCfg = Debug|Any CPU
		{D1EE8788-ED9D-4362-9E45-18329A18AED8}.Debug|x64.Build.0 = Debug|Any CPU
		{D1EE8788-ED9D-4362-9E45-18329A18AED8}.Debug|x86.ActiveCfg = Debug|Any CPU
		{D1EE8788-ED9D-4362-9E45-18329A18AED8}.Debug|x86.Build.0 = Debug|Any CPU
		{D1EE8788-ED9D-4362-9E45-18329A18AED8}.Release|Any CPU.ActiveCfg = Release|Any CPU
		{D1EE8788-ED9D-4362-9E45-18329A18AED8}.Release|Any CPU.Build.0 = Release|Any CPU
		{D1EE8788-ED9D-4362-9E45-18329A18AED8}.Release|x64.ActiveCfg = Release|Any CPU
		{D1EE8788-ED9D-4362-9E45-18329A18AED8}.Release|x64.Build.0 = Release|Any CPU
		{D1EE8788-ED9D-4362-9E45-18329A18AED8}.Release|x86.ActiveCfg = Release|Any CPU
		{D1EE8788-ED9D-4362-9E45-18329A18AED8}.Release|x86.Build.0 = Release|Any CPU
		{DB9DDCDE-8BD2-4A01-92F6-68F7A3F70314}.Debug|Any CPU.ActiveCfg = Debug|Any CPU
		{DB9DDCDE-8BD2-4A01-92F6-68F7A3F70314}.Debug|Any CPU.Build.0 = Debug|Any CPU
		{DB9DDCDE-8BD2-4A01-92F6-68F7A3F70314}.Debug|x64.ActiveCfg = Debug|Any CPU
		{DB9DDCDE-8BD2-4A01-92F6-68F7A3F70314}.Debug|x64.Build.0 = Debug|Any CPU
		{DB9DDCDE-8BD2-4A01-92F6-68F7A3F70314}.Debug|x86.ActiveCfg = Debug|Any CPU
		{DB9DDCDE-8BD2-4A01-92F6-68F7A3F70314}.Debug|x86.Build.0 = Debug|Any CPU
		{DB9DDCDE-8BD2-4A01-92F6-68F7A3F70314}.Release|Any CPU.ActiveCfg = Release|Any CPU
		{DB9DDCDE-8BD2-4A01-92F6-68F7A3F70314}.Release|Any CPU.Build.0 = Release|Any CPU
		{DB9DDCDE-8BD2-4A01-92F6-68F7A3F70314}.Release|x64.ActiveCfg = Release|Any CPU
		{DB9DDCDE-8BD2-4A01-92F6-68F7A3F70314}.Release|x64.Build.0 = Release|Any CPU
		{DB9DDCDE-8BD2-4A01-92F6-68F7A3F70314}.Release|x86.ActiveCfg = Release|Any CPU
		{DB9DDCDE-8BD2-4A01-92F6-68F7A3F70314}.Release|x86.Build.0 = Release|Any CPU
		{9701F31C-2B7D-40FB-A675-D90F2AF3A717}.Debug|Any CPU.ActiveCfg = Debug|Any CPU
		{9701F31C-2B7D-40FB-A675-D90F2AF3A717}.Debug|Any CPU.Build.0 = Debug|Any CPU
		{9701F31C-2B7D-40FB-A675-D90F2AF3A717}.Debug|x64.ActiveCfg = Debug|Any CPU
		{9701F31C-2B7D-40FB-A675-D90F2AF3A717}.Debug|x64.Build.0 = Debug|Any CPU
		{9701F31C-2B7D-40FB-A675-D90F2AF3A717}.Debug|x86.ActiveCfg = Debug|Any CPU
		{9701F31C-2B7D-40FB-A675-D90F2AF3A717}.Debug|x86.Build.0 = Debug|Any CPU
		{9701F31C-2B7D-40FB-A675-D90F2AF3A717}.Release|Any CPU.ActiveCfg = Release|Any CPU
		{9701F31C-2B7D-40FB-A675-D90F2AF3A717}.Release|Any CPU.Build.0 = Release|Any CPU
		{9701F31C-2B7D-40FB-A675-D90F2AF3A717}.Release|x64.ActiveCfg = Release|Any CPU
		{9701F31C-2B7D-40FB-A675-D90F2AF3A717}.Release|x64.Build.0 = Release|Any CPU
		{9701F31C-2B7D-40FB-A675-D90F2AF3A717}.Release|x86.ActiveCfg = Release|Any CPU
		{9701F31C-2B7D-40FB-A675-D90F2AF3A717}.Release|x86.Build.0 = Release|Any CPU
		{B04B9EB5-29EF-4662-978F-C1E4206C8428}.Debug|Any CPU.ActiveCfg = Debug|Any CPU
		{B04B9EB5-29EF-4662-978F-C1E4206C8428}.Debug|Any CPU.Build.0 = Debug|Any CPU
		{B04B9EB5-29EF-4662-978F-C1E4206C8428}.Debug|x64.ActiveCfg = Debug|Any CPU
		{B04B9EB5-29EF-4662-978F-C1E4206C8428}.Debug|x64.Build.0 = Debug|Any CPU
		{B04B9EB5-29EF-4662-978F-C1E4206C8428}.Debug|x86.ActiveCfg = Debug|Any CPU
		{B04B9EB5-29EF-4662-978F-C1E4206C8428}.Debug|x86.Build.0 = Debug|Any CPU
		{B04B9EB5-29EF-4662-978F-C1E4206C8428}.Release|Any CPU.ActiveCfg = Release|Any CPU
		{B04B9EB5-29EF-4662-978F-C1E4206C8428}.Release|Any CPU.Build.0 = Release|Any CPU
		{B04B9EB5-29EF-4662-978F-C1E4206C8428}.Release|x64.ActiveCfg = Release|Any CPU
		{B04B9EB5-29EF-4662-978F-C1E4206C8428}.Release|x64.Build.0 = Release|Any CPU
		{B04B9EB5-29EF-4662-978F-C1E4206C8428}.Release|x86.ActiveCfg = Release|Any CPU
		{B04B9EB5-29EF-4662-978F-C1E4206C8428}.Release|x86.Build.0 = Release|Any CPU
		{4F494655-A732-4334-B633-0242EE228B71}.Debug|Any CPU.ActiveCfg = Debug|Any CPU
		{4F494655-A732-4334-B633-0242EE228B71}.Debug|Any CPU.Build.0 = Debug|Any CPU
		{4F494655-A732-4334-B633-0242EE228B71}.Debug|x64.ActiveCfg = Debug|Any CPU
		{4F494655-A732-4334-B633-0242EE228B71}.Debug|x64.Build.0 = Debug|Any CPU
		{4F494655-A732-4334-B633-0242EE228B71}.Debug|x86.ActiveCfg = Debug|Any CPU
		{4F494655-A732-4334-B633-0242EE228B71}.Debug|x86.Build.0 = Debug|Any CPU
		{4F494655-A732-4334-B633-0242EE228B71}.Release|Any CPU.ActiveCfg = Release|Any CPU
		{4F494655-A732-4334-B633-0242EE228B71}.Release|Any CPU.Build.0 = Release|Any CPU
		{4F494655-A732-4334-B633-0242EE228B71}.Release|x64.ActiveCfg = Release|Any CPU
		{4F494655-A732-4334-B633-0242EE228B71}.Release|x64.Build.0 = Release|Any CPU
		{4F494655-A732-4334-B633-0242EE228B71}.Release|x86.ActiveCfg = Release|Any CPU
		{4F494655-A732-4334-B633-0242EE228B71}.Release|x86.Build.0 = Release|Any CPU
		{ECB66D32-D2F8-49A8-B2C6-6613093CECC4}.Debug|Any CPU.ActiveCfg = Debug|Any CPU
		{ECB66D32-D2F8-49A8-B2C6-6613093CECC4}.Debug|Any CPU.Build.0 = Debug|Any CPU
		{ECB66D32-D2F8-49A8-B2C6-6613093CECC4}.Debug|x64.ActiveCfg = Debug|Any CPU
		{ECB66D32-D2F8-49A8-B2C6-6613093CECC4}.Debug|x64.Build.0 = Debug|Any CPU
		{ECB66D32-D2F8-49A8-B2C6-6613093CECC4}.Debug|x86.ActiveCfg = Debug|Any CPU
		{ECB66D32-D2F8-49A8-B2C6-6613093CECC4}.Debug|x86.Build.0 = Debug|Any CPU
		{ECB66D32-D2F8-49A8-B2C6-6613093CECC4}.Release|Any CPU.ActiveCfg = Release|Any CPU
		{ECB66D32-D2F8-49A8-B2C6-6613093CECC4}.Release|Any CPU.Build.0 = Release|Any CPU
		{ECB66D32-D2F8-49A8-B2C6-6613093CECC4}.Release|x64.ActiveCfg = Release|Any CPU
		{ECB66D32-D2F8-49A8-B2C6-6613093CECC4}.Release|x64.Build.0 = Release|Any CPU
		{ECB66D32-D2F8-49A8-B2C6-6613093CECC4}.Release|x86.ActiveCfg = Release|Any CPU
		{ECB66D32-D2F8-49A8-B2C6-6613093CECC4}.Release|x86.Build.0 = Release|Any CPU
		{D6B5F41D-F411-48E6-84E1-0241FD1C4DAD}.Debug|Any CPU.ActiveCfg = Debug|Any CPU
		{D6B5F41D-F411-48E6-84E1-0241FD1C4DAD}.Debug|Any CPU.Build.0 = Debug|Any CPU
		{D6B5F41D-F411-48E6-84E1-0241FD1C4DAD}.Debug|x64.ActiveCfg = Debug|Any CPU
		{D6B5F41D-F411-48E6-84E1-0241FD1C4DAD}.Debug|x64.Build.0 = Debug|Any CPU
		{D6B5F41D-F411-48E6-84E1-0241FD1C4DAD}.Debug|x86.ActiveCfg = Debug|Any CPU
		{D6B5F41D-F411-48E6-84E1-0241FD1C4DAD}.Debug|x86.Build.0 = Debug|Any CPU
		{D6B5F41D-F411-48E6-84E1-0241FD1C4DAD}.Release|Any CPU.ActiveCfg = Release|Any CPU
		{D6B5F41D-F411-48E6-84E1-0241FD1C4DAD}.Release|Any CPU.Build.0 = Release|Any CPU
		{D6B5F41D-F411-48E6-84E1-0241FD1C4DAD}.Release|x64.ActiveCfg = Release|Any CPU
		{D6B5F41D-F411-48E6-84E1-0241FD1C4DAD}.Release|x64.Build.0 = Release|Any CPU
		{D6B5F41D-F411-48E6-84E1-0241FD1C4DAD}.Release|x86.ActiveCfg = Release|Any CPU
		{D6B5F41D-F411-48E6-84E1-0241FD1C4DAD}.Release|x86.Build.0 = Release|Any CPU
		{5013C0B1-D53A-4182-ABC4-0FB3D3BF44C9}.Debug|Any CPU.ActiveCfg = Debug|Any CPU
		{5013C0B1-D53A-4182-ABC4-0FB3D3BF44C9}.Debug|Any CPU.Build.0 = Debug|Any CPU
		{5013C0B1-D53A-4182-ABC4-0FB3D3BF44C9}.Debug|x64.ActiveCfg = Debug|Any CPU
		{5013C0B1-D53A-4182-ABC4-0FB3D3BF44C9}.Debug|x64.Build.0 = Debug|Any CPU
		{5013C0B1-D53A-4182-ABC4-0FB3D3BF44C9}.Debug|x86.ActiveCfg = Debug|Any CPU
		{5013C0B1-D53A-4182-ABC4-0FB3D3BF44C9}.Debug|x86.Build.0 = Debug|Any CPU
		{5013C0B1-D53A-4182-ABC4-0FB3D3BF44C9}.Release|Any CPU.ActiveCfg = Release|Any CPU
		{5013C0B1-D53A-4182-ABC4-0FB3D3BF44C9}.Release|Any CPU.Build.0 = Release|Any CPU
		{5013C0B1-D53A-4182-ABC4-0FB3D3BF44C9}.Release|x64.ActiveCfg = Release|Any CPU
		{5013C0B1-D53A-4182-ABC4-0FB3D3BF44C9}.Release|x64.Build.0 = Release|Any CPU
		{5013C0B1-D53A-4182-ABC4-0FB3D3BF44C9}.Release|x86.ActiveCfg = Release|Any CPU
		{5013C0B1-D53A-4182-ABC4-0FB3D3BF44C9}.Release|x86.Build.0 = Release|Any CPU
		{841C9DE9-D8FC-46B8-855D-946FF0F3DD4E}.Debug|Any CPU.ActiveCfg = Debug|Any CPU
		{841C9DE9-D8FC-46B8-855D-946FF0F3DD4E}.Debug|Any CPU.Build.0 = Debug|Any CPU
		{841C9DE9-D8FC-46B8-855D-946FF0F3DD4E}.Debug|x64.ActiveCfg = Debug|Any CPU
		{841C9DE9-D8FC-46B8-855D-946FF0F3DD4E}.Debug|x64.Build.0 = Debug|Any CPU
		{841C9DE9-D8FC-46B8-855D-946FF0F3DD4E}.Debug|x86.ActiveCfg = Debug|Any CPU
		{841C9DE9-D8FC-46B8-855D-946FF0F3DD4E}.Debug|x86.Build.0 = Debug|Any CPU
		{841C9DE9-D8FC-46B8-855D-946FF0F3DD4E}.Release|Any CPU.ActiveCfg = Release|Any CPU
		{841C9DE9-D8FC-46B8-855D-946FF0F3DD4E}.Release|Any CPU.Build.0 = Release|Any CPU
		{841C9DE9-D8FC-46B8-855D-946FF0F3DD4E}.Release|x64.ActiveCfg = Release|Any CPU
		{841C9DE9-D8FC-46B8-855D-946FF0F3DD4E}.Release|x64.Build.0 = Release|Any CPU
		{841C9DE9-D8FC-46B8-855D-946FF0F3DD4E}.Release|x86.ActiveCfg = Release|Any CPU
		{841C9DE9-D8FC-46B8-855D-946FF0F3DD4E}.Release|x86.Build.0 = Release|Any CPU
	EndGlobalSection
	GlobalSection(SolutionProperties) = preSolution
		HideSolutionNode = FALSE
	EndGlobalSection
	GlobalSection(NestedProjects) = preSolution
		{214D4FE0-09EA-44D1-ADB7-C9F214AD706D} = {D5B1372B-83AF-4060-9A56-2C606C293F3C}
		{1EB61048-41AB-4D9E-82E5-737055E1374B} = {74FC2AC8-DFA0-4A40-BBA7-BB6851AA11E7}
		{217B5BED-8182-407C-AC26-9F7BBB3FAF11} = {14DF9197-C154-40D1-8001-632BCF08E96E}
		{C9F55E4E-3439-4BE2-9AC1-482BDD751F58} = {14DF9197-C154-40D1-8001-632BCF08E96E}
		{B77A4F5D-93C4-4504-8710-6A5DC495886E} = {14DF9197-C154-40D1-8001-632BCF08E96E}
		{D1EE8788-ED9D-4362-9E45-18329A18AED8} = {74FC2AC8-DFA0-4A40-BBA7-BB6851AA11E7}
		{E8A70469-069B-453B-8418-19309B8BC412} = {64C41B08-651A-46F1-BD72-F347BFF3BBD9}
		{DB9DDCDE-8BD2-4A01-92F6-68F7A3F70314} = {E8A70469-069B-453B-8418-19309B8BC412}
		{9701F31C-2B7D-40FB-A675-D90F2AF3A717} = {E8A70469-069B-453B-8418-19309B8BC412}
		{3B99DEC3-920A-458C-B9E5-D4F7BB069603} = {87069A56-EFBE-438D-9197-3734492CB9B3}
		{B04B9EB5-29EF-4662-978F-C1E4206C8428} = {3B99DEC3-920A-458C-B9E5-D4F7BB069603}
		{4F494655-A732-4334-B633-0242EE228B71} = {3B99DEC3-920A-458C-B9E5-D4F7BB069603}
		{ECB66D32-D2F8-49A8-B2C6-6613093CECC4} = {3B99DEC3-920A-458C-B9E5-D4F7BB069603}
		{D6B5F41D-F411-48E6-84E1-0241FD1C4DAD} = {3B99DEC3-920A-458C-B9E5-D4F7BB069603}
		{5013C0B1-D53A-4182-ABC4-0FB3D3BF44C9} = {3B99DEC3-920A-458C-B9E5-D4F7BB069603}
		{841C9DE9-D8FC-46B8-855D-946FF0F3DD4E} = {14DF9197-C154-40D1-8001-632BCF08E96E}
	EndGlobalSection
	GlobalSection(ExtensibilityGlobals) = postSolution
		SolutionGuid = {9D7EB7D3-BB18-4A25-B5BF-A236A532AE65}
	EndGlobalSection
EndGlobal
